{
  "name": "ijk",
  "version": "0.22.0",
  "lockfileVersion": 1,
  "requires": true,
  "dependencies": {
    "@std/esm": {
      "version": "0.19.7",
      "resolved": "https://registry.npmjs.org/@std/esm/-/esm-0.19.7.tgz",
      "integrity": "sha512-bPBbpu1vqgOOD70aMVG5tgioPdttKXQQFq6xodjZxVbPprtZIcm8NcTEJoB+/1QoH8z1TIqjaEN1Wm3YndnfNQ==",
      "dev": true
    },
    "tead": {
      "version": "0.4.3",
      "resolved": "https://registry.npmjs.org/tead/-/tead-0.4.3.tgz",
      "integrity": "sha512-VAALw2ryagwJ2ZW924IyjKFlbwQUMY80iwPM4uMXL5NqwC5apdZq2CEnPtkGvJixjNxH1qNc2pJb+i8ylq+oOQ==",
      "dev": true,
      "requires": {
        "@std/esm": "0.19.7"
      }
    }
  }
}
